
Microsoft Visual Studio Solution File, Format Version 12.00
# Visual Studio Version 16
VisualStudioVersion = 16.0.31205.134
MinimumVisualStudioVersion = 10.0.40219.1
Project("{FAE04EC0-301F-11D3-BF4B-00C04F79EFBC}") = "Shopping.Client", "Shopping.Client\Shopping.Client.csproj", "{2F031496-7205-42AE-89A2-4E05FC6767CD}"
EndProject
Global
	GlobalSection(SolutionConfigurationPlatforms) = preSolution
		Debug|Any CPU = Debug|Any CPU
		Release|Any CPU = Release|Any CPU
	EndGlobalSection
	GlobalSection(ProjectConfigurationPlatforms) = postSolution
		{2F031496-7205-42AE-89A2-4E05FC6767CD}.Debug|Any CPU.ActiveCfg = Debug|Any CPU
		{2F031496-7205-42AE-89A2-4E05FC6767CD}.Debug|Any CPU.Build.0 = Debug|Any CPU
		{2F031496-7205-42AE-89A2-4E05FC6767CD}.Release|Any CPU.ActiveCfg = Release|Any CPU
		{2F031496-7205-42AE-89A2-4E05FC6767CD}.Release|Any CPU.Build.0 = Release|Any CPU
	EndGlobalSection
	GlobalSection(SolutionProperties) = preSolution
		HideSolutionNode = FALSE
	EndGlobalSection
	GlobalSection(ExtensibilityGlobals) = postSolution
		SolutionGuid = {8FEFC797-C6CE-459E-BEE2-4D5B80661867}
	EndGlobalSection
EndGlobal
